
Microsoft Visual Studio Solution File, Format Version 12.00
# Visual Studio Version 17
VisualStudioVersion = 17.1.32414.318
MinimumVisualStudioVersion = 10.0.40219.1
Project("{FAE04EC0-301F-11D3-BF4B-00C04F79EFBC}") = "spmtools", "spmtools\spmtools.csproj", "{F54E5C94-45AC-44E3-8D81-9CC4B89B3DD6}"
EndProject
Global
	GlobalSection(SolutionConfigurationPlatforms) = preSolution
		Debug|Any CPU = Debug|Any CPU
		Release|Any CPU = Release|Any CPU
	EndGlobalSection
	GlobalSection(ProjectConfigurationPlatforms) = postSolution
		{F54E5C94-45AC-44E3-8D81-9CC4B89B3DD6}.Debug|Any CPU.ActiveCfg = Debug|Any CPU
		{F54E5C94-45AC-44E3-8D81-9CC4B89B3DD6}.Debug|Any CPU.Build.0 = Debug|Any CPU
		{F54E5C94-45AC-44E3-8D81-9CC4B89B3DD6}.Release|Any CPU.ActiveCfg = Release|Any CPU
		{F54E5C94-45AC-44E3-8D81-9CC4B89B3DD6}.Release|Any CPU.Build.0 = Release|Any CPU
	EndGlobalSection
	GlobalSection(SolutionProperties) = preSolution
		HideSolutionNode = FALSE
	EndGlobalSection
	GlobalSection(ExtensibilityGlobals) = postSolution
		SolutionGuid = {958883A3-CE29-4393-8289-A4762C361589}
	EndGlobalSection
EndGlobal
